{
  "name": "client-server",
  "version": "0.0.1",
  "lockfileVersion": 1,
  "dependencies": {
    "json2server": {
      "version": "0.1.10",
      "resolved": "https://registry.npmjs.org/json2server/-/json2server-0.1.10.tgz",
      "integrity": "sha1-i72WXYv2RIcmdvLl46wNXYGKX8I=",
      "dev": true
    }
  }
}
